
Microsoft Visual Studio Solution File, Format Version 12.00
# Visual Studio Version 17
VisualStudioVersion = 17.5.002.0
MinimumVisualStudioVersion = 10.0.40219.1
Project("{9A19103F-16F7-4668-BE54-9A1E7A4F7556}") = "FirstWebApp", "FirstWebApp.csproj", "{F84A1FD1-38BD-45AA-96DE-6605E52562FE}"
EndProject
Global
	GlobalSection(SolutionConfigurationPlatforms) = preSolution
		Debug|Any CPU = Debug|Any CPU
		Release|Any CPU = Release|Any CPU
	EndGlobalSection
	GlobalSection(ProjectConfigurationPlatforms) = postSolution
		{F84A1FD1-38BD-45AA-96DE-6605E52562FE}.Debug|Any CPU.ActiveCfg = Debug|Any CPU
		{F84A1FD1-38BD-45AA-96DE-6605E52562FE}.Debug|Any CPU.Build.0 = Debug|Any CPU
		{F84A1FD1-38BD-45AA-96DE-6605E52562FE}.Release|Any CPU.ActiveCfg = Release|Any CPU
		{F84A1FD1-38BD-45AA-96DE-6605E52562FE}.Release|Any CPU.Build.0 = Release|Any CPU
	EndGlobalSection
	GlobalSection(SolutionProperties) = preSolution
		HideSolutionNode = FALSE
	EndGlobalSection
	GlobalSection(ExtensibilityGlobals) = postSolution
		SolutionGuid = {1896386A-1B75-4802-9F85-F264DD40B90D}
	EndGlobalSection
EndGlobal
